// !$*UTF8*$!
{
	archiveVersion = 1;
	classes = {
	};
	objectVersion = 50;
	objects = {

/* Begin PBXBuildFile section */
		329A2D5F79DB21223DC9CC4E /* libPods-ReactiveObjCDemo.a in Frameworks */ = {isa = PBXBuildFile; fileRef = E9A9784D9C52B1C2D00E77F9 /* libPods-ReactiveObjCDemo.a */; };
		5881E3EF212AFB7B00A86413 /* AppDelegate.m in Sources */ = {isa = PBXBuildFile; fileRef = 5881E3EE212AFB7B00A86413 /* AppDelegate.m */; };
		5881E3F2212AFB7B00A86413 /* ViewController.m in Sources */ = {isa = PBXBuildFile; fileRef = 5881E3F1212AFB7B00A86413 /* ViewController.m */; };
		5881E3F5212AFB7B00A86413 /* Main.storyboard in Resources */ = {isa = PBXBuildFile; fileRef = 5881E3F3212AFB7B00A86413 /* Main.storyboard */; };
		5881E3F7212AFB7B00A86413 /* Assets.xcassets in Resources */ = {isa = PBXBuildFile; fileRef = 5881E3F6212AFB7B00A86413 /* Assets.xcassets */; };
		5881E3FA212AFB7B00A86413 /* LaunchScreen.storyboard in Resources */ = {isa = PBXBuildFile; fileRef = 5881E3F8212AFB7B00A86413 /* LaunchScreen.storyboard */; };
		5881E3FD212AFB7B00A86413 /* main.m in Sources */ = {isa = PBXBuildFile; fileRef = 5881E3FC212AFB7B00A86413 /* main.m */; };
/* End PBXBuildFile section */

/* Begin PBXFileReference section */
		14D58499BDE4D72DD893B85F /* Pods-ReactiveObjCDemo.release.xcconfig */ = {isa = PBXFileReference; includeInIndex = 1; lastKnownFileType = text.xcconfig; name = "Pods-ReactiveObjCDemo.release.xcconfig"; path = "Pods/Target Support Files/Pods-ReactiveObjCDemo/Pods-ReactiveObjCDemo.release.xcconfig"; sourceTree = "<group>"; };
		3A5170A292EF20A03044B46A /* Pods-ReactiveObjCDemo.debug.xcconfig */ = {isa = PBXFileReference; includeInIndex = 1; lastKnownFileType = text.xcconfig; name = "Pods-ReactiveObjCDemo.debug.xcconfig"; path = "Pods/Target Support Files/Pods-ReactiveObjCDemo/Pods-ReactiveObjCDemo.debug.xcconfig"; sourceTree = "<group>"; };
		5881E3EA212AFB7B00A86413 /* ReactiveObjCDemo.app */ = {isa = PBXFileReference; explicitFileType = wrapper.application; includeInIndex = 0; path = ReactiveObjCDemo.app; sourceTree = BUILT_PRODUCTS_DIR; };
		5881E3ED212AFB7B00A86413 /* AppDelegate.h */ = {isa = PBXFileReference; lastKnownFileType = sourcecode.c.h; path = AppDelegate.h; sourceTree = "<group>"; };
		5881E3EE212AFB7B00A86413 /* AppDelegate.m */ = {isa = PBXFileReference; lastKnownFileType = sourcecode.c.objc; path = AppDelegate.m; sourceTree = "<group>"; };
		5881E3F0212AFB7B00A86413 /* ViewController.h */ = {isa = PBXFileReference; lastKnownFileType = sourcecode.c.h; path = ViewController.h; sourceTree = "<group>"; };
		5881E3F1212AFB7B00A86413 /* ViewController.m */ = {isa = PBXFileReference; lastKnownFileType = sourcecode.c.objc; path = ViewController.m; sourceTree = "<group>"; };
		5881E3F4212AFB7B00A86413 /* Base */ = {isa = PBXFileReference; lastKnownFileType = file.storyboard; name = Base; path = Base.lproj/Main.storyboard; sourceTree = "<group>"; };
		5881E3F6212AFB7B00A86413 /* Assets.xcassets */ = {isa = PBXFileReference; lastKnownFileType = folder.assetcatalog; path = Assets.xcassets; sourceTree = "<group>"; };
		5881E3F9212AFB7B00A86413 /* Base */ = {isa = PBXFileReference; lastKnownFileType = file.storyboard; name = Base; path = Base.lproj/LaunchScreen.storyboard; sourceTree = "<group>"; };
		5881E3FB212AFB7B00A86413 /* Info.plist */ = {isa = PBXFileReference; lastKnownFileType = text.plist.xml; path = Info.plist; sourceTree = "<group>"; };
		5881E3FC212AFB7B00A86413 /* main.m */ = {isa = PBXFileReference; lastKnownFileType = sourcecode.c.objc; path = main.m; sourceTree = "<group>"; };
		E9A9784D9C52B1C2D00E77F9 /* libPods-ReactiveObjCDemo.a */ = {isa = PBXFileReference; explicitFileType = archive.ar; includeInIndex = 0; path = "libPods-ReactiveObjCDemo.a"; sourceTree = BUILT_PRODUCTS_DIR; };
/* End PBXFileReference section */

/* Begin PBXFrameworksBuildPhase section */
		5881E3E7212AFB7A00A86413 /* Frameworks */ = {
			isa = PBXFrameworksBuildPhase;
			buildActionMask = 2147483647;
			files = (
				329A2D5F79DB21223DC9CC4E /* libPods-ReactiveObjCDemo.a in Frameworks */,
			);
			runOnlyForDeploymentPostprocessing = 0;
		};
/* End PBXFrameworksBuildPhase section */

/* Begin PBXGroup section */
		1FFA20C9212FF397C5DA45D6 /* Frameworks */ = {
			isa = PBXGroup;
			children = (
				E9A9784D9C52B1C2D00E77F9 /* libPods-ReactiveObjCDemo.a */,
			);
			name = Frameworks;
			sourceTree = "<group>";
		};
		5881E3E1212AFB7A00A86413 = {
			isa = PBXGroup;
			children = (
				5881E3EC212AFB7B00A86413 /* ReactiveObjCDemo */,
				5881E3EB212AFB7B00A86413 /* Products */,
				F0C6F941D7D74420868F3FBF /* Pods */,
				1FFA20C9212FF397C5DA45D6 /* Frameworks */,
			);
			sourceTree = "<group>";
		};
		5881E3EB212AFB7B00A86413 /* Products */ = {
			isa = PBXGroup;
			children = (
				5881E3EA212AFB7B00A86413 /* ReactiveObjCDemo.app */,
			);
			name = Products;
			sourceTree = "<group>";
		};
		5881E3EC212AFB7B00A86413 /* ReactiveObjCDemo */ = {
			isa = PBXGroup;
			children = (
				5881E3ED212AFB7B00A86413 /* AppDelegate.h */,
				5881E3EE212AFB7B00A86413 /* AppDelegate.m */,
				5881E3F0212AFB7B00A86413 /* ViewController.h */,
				5881E3F1212AFB7B00A86413 /* ViewController.m */,
				5881E3F3212AFB7B00A86413 /* Main.storyboard */,
				5881E3F6212AFB7B00A86413 /* Assets.xcassets */,
				5881E3F8212AFB7B00A86413 /* LaunchScreen.storyboard */,
				5881E3FB212AFB7B00A86413 /* Info.plist */,
				5881E3FC212AFB7B00A86413 /* main.m */,
			);
			path = ReactiveObjCDemo;
			sourceTree = "<group>";
		};
		F0C6F941D7D74420868F3FBF /* Pods */ = {
			isa = PBXGroup;
			children = (
				3A5170A292EF20A03044B46A /* Pods-ReactiveObjCDemo.debug.xcconfig */,
				14D58499BDE4D72DD893B85F /* Pods-ReactiveObjCDemo.release.xcconfig */,
			);
			name = Pods;
			sourceTree = "<group>";
		};
/* End PBXGroup section */

/* Begin PBXNativeTarget section */
		5881E3E9212AFB7A00A86413 /* ReactiveObjCDemo */ = {
			isa = PBXNativeTarget;
			buildConfigurationList = 5881E400212AFB7B00A86413 /* Build configuration list for PBXNativeTarget "ReactiveObjCDemo" */;
			buildPhases = (
				A310CBE50B22096343DE96B9 /* [CP] Check Pods Manifest.lock */,
				5881E3E6212AFB7A00A86413 /* Sources */,
				5881E3E7212AFB7A00A86413 /* Frameworks */,
				5881E3E8212AFB7A00A86413 /* Resources */,
			);
			buildRules = (
			);
			dependencies = (
			);
			name = ReactiveObjCDemo;
			productName = ReactiveObjCDemo;
			productReference = 5881E3EA212AFB7B00A86413 /* ReactiveObjCDemo.app */;
			productType = "com.apple.product-type.application";
		};
/* End PBXNativeTarget section */

/* Begin PBXProject section */
		5881E3E2212AFB7A00A86413 /* Project object */ = {
			isa = PBXProject;
			attributes = {
				LastUpgradeCheck = 0940;
				ORGANIZATIONNAME = Jiajie.Liu;
				TargetAttributes = {
					5881E3E9212AFB7A00A86413 = {
						CreatedOnToolsVersion = 9.4.1;
					};
				};
			};
			buildConfigurationList = 5881E3E5212AFB7A00A86413 /* Build configuration list for PBXProject "ReactiveObjCDemo" */;
			compatibilityVersion = "Xcode 9.3";
			developmentRegion = en;
			hasScannedForEncodings = 0;
			knownRegions = (
				en,
				Base,
			);
			mainGroup = 5881E3E1212AFB7A00A86413;
			productRefGroup = 5881E3EB212AFB7B00A86413 /* Products */;
			projectDirPath = "";
			projectRoot = "";
			targets = (
				5881E3E9212AFB7A00A86413 /* ReactiveObjCDemo */,
			);
		};
/* End PBXProject section */

/* Begin PBXResourcesBuildPhase section */
		5881E3E8212AFB7A00A86413 /* Resources */ = {
			isa = PBXResourcesBuildPhase;
			buildActionMask = 2147483647;
			files = (
				5881E3FA212AFB7B00A86413 /* LaunchScreen.storyboard in Resources */,
				5881E3F7212AFB7B00A86413 /* Assets.xcassets in Resources */,
				5881E3F5212AFB7B00A86413 /* Main.storyboard in Resources */,
			);
			runOnlyForDeploymentPostprocessing = 0;
		};
/* End PBXResourcesBuildPhase section */

/* Begin PBXShellScriptBuildPhase section */
		A310CBE50B22096343DE96B9 /* [CP] Check Pods Manifest.lock */ = {
			isa = PBXShellScriptBuildPhase;
			buildActionMask = 2147483647;
			files = (
			);
			inputPaths = (
				"${PODS_PODFILE_DIR_PATH}/Podfile.lock",
				"${PODS_ROOT}/Manifest.lock",
			);
			name = "[CP] Check Pods Manifest.lock";
			outputPaths = (
				"$(DERIVED_FILE_DIR)/Pods-ReactiveObjCDemo-checkManifestLockResult.txt",
			);
			runOnlyForDeploymentPostprocessing = 0;
			shellPath = /bin/sh;
			shellScript = "diff \"${PODS_PODFILE_DIR_PATH}/Podfile.lock\" \"${PODS_ROOT}/Manifest.lock\" > /dev/null\nif [ $? != 0 ] ; then\n    # print error to STDERR\n    echo \"error: The sandbox is not in sync with the Podfile.lock. Run 'pod install' or update your CocoaPods installation.\" >&2\n    exit 1\nfi\n# This output is used by Xcode 'outputs' to avoid re-running this script phase.\necho \"SUCCESS\" > \"${SCRIPT_OUTPUT_FILE_0}\"\n";
			showEnvVarsInLog = 0;
		};
/* End PBXShellScriptBuildPhase section */

/* Begin PBXSourcesBuildPhase section */
		5881E3E6212AFB7A00A86413 /* Sources */ = {
			isa = PBXSourcesBuildPhase;
			buildActionMask = 2147483647;
			files = (
				5881E3F2212AFB7B00A86413 /* ViewController.m in Sources */,
				5881E3FD212AFB7B00A86413 /* main.m in Sources */,
				5881E3EF212AFB7B00A86413 /* AppDelegate.m in Sources */,
			);
			runOnlyForDeploymentPostprocessing = 0;
		};
/* End PBXSourcesBuildPhase section */

/* Begin PBXVariantGroup section */
		5881E3F3212AFB7B00A86413 /* Main.storyboard */ = {
			isa = PBXVariantGroup;
			children = (
				5881E3F4212AFB7B00A86413 /* Base */,
			);
			name = Main.storyboard;
			sourceTree = "<group>";
		};
		5881E3F8212AFB7B00A86413 /* LaunchScreen.storyboard */ = {
			isa = PBXVariantGroup;
			children = (
				5881E3F9212AFB7B00A86413 /* Base */,
			);
			name = LaunchScreen.storyboard;
			sourceTree = "<group>";
		};
/* End PBXVariantGroup section */

/* Begin XCBuildConfiguration section */
		5881E3FE212AFB7B00A86413 /* Debug */ = {
			isa = XCBuildConfiguration;
			buildSettings = {
				ALWAYS_SEARCH_USER_PATHS = NO;
				CLANG_ANALYZER_NONNULL = YES;
				CLANG_ANALYZER_NUMBER_OBJECT_CONVERSION = YES_AGGRESSIVE;
				CLANG_CXX_LANGUAGE_STANDARD = "gnu++14";
				CLANG_CXX_LIBRARY = "libc++";
				CLANG_ENABLE_MODULES = YES;
				CLANG_ENABLE_OBJC_ARC = YES;
				CLANG_ENABLE_OBJC_WEAK = YES;
				CLANG_WARN_BLOCK_CAPTURE_AUTORELEASING = YES;
				CLANG_WARN_BOOL_CONVERSION = YES;
				CLANG_WARN_COMMA = YES;
				CLANG_WARN_CONSTANT_CONVERSION = YES;
				CLANG_WARN_DEPRECATED_OBJC_IMPLEMENTATIONS = YES;
				CLANG_WARN_DIRECT_OBJC_ISA_USAGE = YES_ERROR;
				CLANG_WARN_DOCUMENTATION_COMMENTS = YES;
				CLANG_WARN_EMPTY_BODY = YES;
				CLANG_WARN_ENUM_CONVERSION = YES;
				CLANG_WARN_INFINITE_RECURSION = YES;
				CLANG_WARN_INT_CONVERSION = YES;
				CLANG_WARN_NON_LITERAL_NULL_CONVERSION = YES;
				CLANG_WARN_OBJC_IMPLICIT_RETAIN_SELF = YES;
				CLANG_WARN_OBJC_LITERAL_CONVERSION = YES;
				CLANG_WARN_OBJC_ROOT_CLASS = YES_ERROR;
				CLANG_WARN_RANGE_LOOP_ANALYSIS = YES;
				CLANG_WARN_STRICT_PROTOTYPES = YES;
				CLANG_WARN_SUSPICIOUS_MOVE = YES;
				CLANG_WARN_UNGUARDED_AVAILABILITY = YES_AGGRESSIVE;
				CLANG_WARN_UNREACHABLE_CODE = YES;
				CLANG_WARN__DUPLICATE_METHOD_MATCH = YES;
				CODE_SIGN_IDENTITY = "iPhone Developer";
				COPY_PHASE_STRIP = NO;
				DEBUG_INFORMATION_FORMAT = dwarf;
				ENABLE_STRICT_OBJC_MSGSEND = YES;
				ENABLE_TESTABILITY = YES;
				GCC_C_LANGUAGE_STANDARD = gnu11;
				GCC_DYNAMIC_NO_PIC = NO;
				GCC_NO_COMMON_BLOCKS = YES;
				GCC_OPTIMIZATION_LEVEL = 0;
				GCC_PREPROCESSOR_DEFINITIONS = (
					"DEBUG=1",
					"$(inherited)",
				);
				GCC_WARN_64_TO_32_BIT_CONVERSION = YES;
				GCC_WARN_ABOUT_RETURN_TYPE = YES_ERROR;
				GCC_WARN_UNDECLARED_SELECTOR = YES;
				GCC_WARN_UNINITIALIZED_AUTOS = YES_AGGRESSIVE;
				GCC_WARN_UNUSED_FUNCTION = YES;
				GCC_WARN_UNUSED_VARIABLE = YES;
				IPHONEOS_DEPLOYMENT_TARGET = 11.4;
				MTL_ENABLE_DEBUG_INFO = YES;
				ONLY_ACTIVE_ARCH = YES;
				SDKROOT = iphoneos;
			};
			name = Debug;
		};
		5881E3FF212AFB7B00A86413 /* Release */ = {
			isa = XCBuildConfiguration;
			buildSettings = {
				ALWAYS_SEARCH_USER_PATHS = NO;
				CLANG_ANALYZER_NONNULL = YES;
				CLANG_ANALYZER_NUMBER_OBJECT_CONVERSION = YES_AGGRESSIVE;
				CLANG_CXX_LANGUAGE_STANDARD = "gnu++14";
				CLANG_CXX_LIBRARY = "libc++";
				CLANG_ENABLE_MODULES = YES;
				CLANG_ENABLE_OBJC_ARC = YES;
				CLANG_ENABLE_OBJC_WEAK = YES;
				CLANG_WARN_BLOCK_CAPTURE_AUTORELEASING = YES;
				CLANG_WARN_BOOL_CONVERSION = YES;
				CLANG_WARN_COMMA = YES;
				CLANG_WARN_CONSTANT_CONVERSION = YES;
				CLANG_WARN_DEPRECATED_OBJC_IMPLEMENTATIONS = YES;
				CLANG_WARN_DIRECT_OBJC_ISA_USAGE = YES_ERROR;
				CLANG_WARN_DOCUMENTATION_COMMENTS = YES;
				CLANG_WARN_EMPTY_BODY = YES;
				CLANG_WARN_ENUM_CONVERSION = YES;
				CLANG_WARN_INFINITE_RECURSION = YES;
				CLANG_WARN_INT_CONVERSION = YES;
				CLANG_WARN_NON_LITERAL_NULL_CONVERSION = YES;
				CLANG_WARN_OBJC_IMPLICIT_RETAIN_SELF = YES;
				CLANG_WARN_OBJC_LITERAL_CONVERSION = YES;
				CLANG_WARN_OBJC_ROOT_CLASS = YES_ERROR;
				CLANG_WARN_RANGE_LOOP_ANALYSIS = YES;
				CLANG_WARN_STRICT_PROTOTYPES = YES;
				CLANG_WARN_SUSPICIOUS_MOVE = YES;
				CLANG_WARN_UNGUARDED_AVAILABILITY = YES_AGGRESSIVE;
				CLANG_WARN_UNREACHABLE_CODE = YES;
				CLANG_WARN__DUPLICATE_METHOD_MATCH = YES;
				CODE_SIGN_IDENTITY = "iPhone Developer";
				COPY_PHASE_STRIP = NO;
				DEBUG_INFORMATION_FORMAT = "dwarf-with-dsym";
				ENABLE_NS_ASSERTIONS = NO;
				ENABLE_STRICT_OBJC_MSGSEND = YES;
				GCC_C_LANGUAGE_STANDARD = gnu11;
				GCC_NO_COMMON_BLOCKS = YES;
				GCC_WARN_64_TO_32_BIT_CONVERSION = YES;
				GCC_WARN_ABOUT_RETURN_TYPE = YES_ERROR;
				GCC_WARN_UNDECLARED_SELECTOR = YES;
				GCC_WARN_UNINITIALIZED_AUTOS = YES_AGGRESSIVE;
				GCC_WARN_UNUSED_FUNCTION = YES;
				GCC_WARN_UNUSED_VARIABLE = YES;
				IPHONEOS_DEPLOYMENT_TARGET = 11.4;
				MTL_ENABLE_DEBUG_INFO = NO;
				SDKROOT = iphoneos;
				VALIDATE_PRODUCT = YES;
			};
			name = Release;
		};
		5881E401212AFB7B00A86413 /* Debug */ = {
			isa = XCBuildConfiguration;
			baseConfigurationReference = 3A5170A292EF20A03044B46A /* Pods-ReactiveObjCDemo.debug.xcconfig */;
			buildSettings = {
				ASSETCATALOG_COMPILER_APPICON_NAME = AppIcon;
				CODE_SIGN_STYLE = Automatic;
				DEVELOPMENT_TEAM = DJYQ9E2R5Z;
				INFOPLIST_FILE = ReactiveObjCDemo/Info.plist;
				LD_RUNPATH_SEARCH_PATHS = (
					"$(inherited)",
					"@executable_path/Frameworks",
				);
				PRODUCT_BUNDLE_IDENTIFIER = self.study.ReactiveObjCDemo;
				PRODUCT_NAME = "$(TARGET_NAME)";
				TARGETED_DEVICE_FAMILY = "1,2";
			};
			name = Debug;
		};
		5881E402212AFB7B00A86413 /* Release */ = {
			isa = XCBuildConfiguration;
			baseConfigurationReference = 14D58499BDE4D72DD893B85F /* Pods-ReactiveObjCDemo.release.xcconfig */;
			buildSettings = {
				ASSETCATALOG_COMPILER_APPICON_NAME = AppIcon;
				CODE_SIGN_STYLE = Automatic;
				DEVELOPMENT_TEAM = DJYQ9E2R5Z;
				INFOPLIST_FILE = ReactiveObjCDemo/Info.plist;
				LD_RUNPATH_SEARCH_PATHS = (
					"$(inherited)",
					"@executable_path/Frameworks",
				);
				PRODUCT_BUNDLE_IDENTIFIER = self.study.ReactiveObjCDemo;
				PRODUCT_NAME = "$(TARGET_NAME)";
				TARGETED_DEVICE_FAMILY = "1,2";
			};
			name = Release;
		};
/* End XCBuildConfiguration section */

/* Begin XCConfigurationList section */
		5881E3E5212AFB7A00A86413 /* Build configuration list for PBXProject "ReactiveObjCDemo" */ = {
			isa = XCConfigurationList;
			buildConfigurations = (
				5881E3FE212AFB7B00A86413 /* Debug */,
				5881E3FF212AFB7B00A86413 /* Release */,
			);
			defaultConfigurationIsVisible = 0;
			defaultConfigurationName = Release;
		};
		5881E400212AFB7B00A86413 /* Build configuration list for PBXNativeTarget "ReactiveObjCDemo" */ = {
			isa = XCConfigurationList;
			buildConfigurations = (
				5881E401212AFB7B00A86413 /* Debug */,
				5881E402212AFB7B00A86413 /* Release */,
			);
			defaultConfigurationIsVisible = 0;
			defaultConfigurationName = Release;
		};
/* End XCConfigurationList section */
	};
	rootObject = 5881E3E2212AFB7A00A86413 /* Project object */;
}
